
Microsoft Visual Studio Solution File, Format Version 12.00
# Visual Studio Version 16
VisualStudioVersion = 16.0.31205.134
MinimumVisualStudioVersion = 10.0.40219.1
Project("{FAE04EC0-301F-11D3-BF4B-00C04F79EFBC}") = "kubick", "kubick\kubick.csproj", "{A2B06D19-BB15-4C93-A87C-541E2C50407B}"
EndProject
Global
	GlobalSection(SolutionConfigurationPlatforms) = preSolution
		Debug|Any CPU = Debug|Any CPU
		Release|Any CPU = Release|Any CPU
	EndGlobalSection
	GlobalSection(ProjectConfigurationPlatforms) = postSolution
		{A2B06D19-BB15-4C93-A87C-541E2C50407B}.Debug|Any CPU.ActiveCfg = Debug|Any CPU
		{A2B06D19-BB15-4C93-A87C-541E2C50407B}.Debug|Any CPU.Build.0 = Debug|Any CPU
		{A2B06D19-BB15-4C93-A87C-541E2C50407B}.Release|Any CPU.ActiveCfg = Release|Any CPU
		{A2B06D19-BB15-4C93-A87C-541E2C50407B}.Release|Any CPU.Build.0 = Release|Any CPU
	EndGlobalSection
	GlobalSection(SolutionProperties) = preSolution
		HideSolutionNode = FALSE
	EndGlobalSection
	GlobalSection(ExtensibilityGlobals) = postSolution
		SolutionGuid = {A878EFF8-A7D8-4540-87A5-8AD341276A59}
	EndGlobalSection
EndGlobal
